
Microsoft Visual Studio Solution File, Format Version 12.00
# Visual Studio 14
VisualStudioVersion = 14.0.23107.0
MinimumVisualStudioVersion = 10.0.40219.1
Project("{F2A71F9B-5D33-465A-A702-920D77279786}") = "Runner", "Test\Runner.fsproj", "{C0492C3F-1C1E-4592-B863-F12B67A6122F}"
EndProject
Global
	GlobalSection(SolutionConfigurationPlatforms) = preSolution
		Debug|Any CPU = Debug|Any CPU
		Release|Any CPU = Release|Any CPU
	EndGlobalSection
	GlobalSection(ProjectConfigurationPlatforms) = postSolution
		{C0492C3F-1C1E-4592-B863-F12B67A6122F}.Debug|Any CPU.ActiveCfg = Debug|Any CPU
		{C0492C3F-1C1E-4592-B863-F12B67A6122F}.Debug|Any CPU.Build.0 = Debug|Any CPU
		{C0492C3F-1C1E-4592-B863-F12B67A6122F}.Release|Any CPU.ActiveCfg = Release|Any CPU
		{C0492C3F-1C1E-4592-B863-F12B67A6122F}.Release|Any CPU.Build.0 = Release|Any CPU
	EndGlobalSection
	GlobalSection(SolutionProperties) = preSolution
		HideSolutionNode = FALSE
	EndGlobalSection
EndGlobal
